
Microsoft Visual Studio Solution File, Format Version 12.00
# Visual Studio Version 17
VisualStudioVersion = 17.13.35913.81 d17.13
MinimumVisualStudioVersion = 10.0.40219.1
Project("{FAE04EC0-301F-11D3-BF4B-00C04F79EFBC}") = "LogisticWebApp", "LogisticWebApp.csproj", "{1D69B875-67DC-4227-AE6E-CF16F5B45554}"
EndProject
Global
	GlobalSection(SolutionConfigurationPlatforms) = preSolution
		Debug|Any CPU = Debug|Any CPU
		Release|Any CPU = Release|Any CPU
	EndGlobalSection
	GlobalSection(ProjectConfigurationPlatforms) = postSolution
		{1D69B875-67DC-4227-AE6E-CF16F5B45554}.Debug|Any CPU.ActiveCfg = Debug|Any CPU
		{1D69B875-67DC-4227-AE6E-CF16F5B45554}.Debug|Any CPU.Build.0 = Debug|Any CPU
		{1D69B875-67DC-4227-AE6E-CF16F5B45554}.Release|Any CPU.ActiveCfg = Release|Any CPU
		{1D69B875-67DC-4227-AE6E-CF16F5B45554}.Release|Any CPU.Build.0 = Release|Any CPU
	EndGlobalSection
	GlobalSection(SolutionProperties) = preSolution
		HideSolutionNode = FALSE
	EndGlobalSection
	GlobalSection(ExtensibilityGlobals) = postSolution
		SolutionGuid = {65D33202-5907-43E4-BE05-CFB478F3B161}
	EndGlobalSection
EndGlobal
